
Microsoft Visual Studio Solution File, Format Version 12.00
# Visual Studio 15
VisualStudioVersion = 15.0.27130.2010
MinimumVisualStudioVersion = 10.0.40219.1
Project("{2150E333-8FDC-42A3-9474-1A3956D46DE8}") = "dnSpyFiles", "dnSpyFiles", "{BCDFE47C-A4D8-4F5C-BCED-4AEBDC711E34}"
	ProjectSection(SolutionItems) = preProject
		dnSpyFiles\dnSpy.c = dnSpyFiles\dnSpy.c
	EndProjectSection
EndProject
Project("{2150E333-8FDC-42A3-9474-1A3956D46DE8}") = "unity-2020.1.3-mbe", "unity-2020.1.3-mbe", "{B404C79E-4ABB-4227-BB37-BFF6D8A2D7C4}"
EndProject
Project("{8BC9CEB8-8B4A-11D0-8D11-00A0C91BC942}") = "build-init", "unity-2020.1.3-mbe\msvc\build-init.vcxproj", "{C98673E3-85F8-45C2-A92E-E959B333A008}"
EndProject
Project("{8BC9CEB8-8B4A-11D0-8D11-00A0C91BC942}") = "eglib", "unity-2020.1.3-mbe\msvc\eglib.vcxproj", "{F4964913-C68F-472A-944E-B9D0BC056543}"
EndProject
Project("{8BC9CEB8-8B4A-11D0-8D11-00A0C91BC942}") = "genmdesc", "unity-2020.1.3-mbe\msvc\genmdesc.vcxproj", "{C37E95F9-B32F-4EBA-AFFB-C5F1D6CECA46}"
EndProject
Project("{8BC9CEB8-8B4A-11D0-8D11-00A0C91BC942}") = "libgcbdwgc", "unity-2020.1.3-mbe\msvc\libgcbdwgc.vcxproj", "{1DB0E81B-5FE3-4D45-8A26-BE4828A1F0FA}"
EndProject
Project("{8BC9CEB8-8B4A-11D0-8D11-00A0C91BC942}") = "libmono-dynamic", "unity-2020.1.3-mbe\msvc\libmono-dynamic.vcxproj", "{AF5919D3-EBD4-4A5C-BE0D-33CE18BF472D}"
EndProject
Global
	GlobalSection(SolutionConfigurationPlatforms) = preSolution
		Debug|x64 = Debug|x64
		Debug|x86 = Debug|x86
		Release|x64 = Release|x64
		Release|x86 = Release|x86
	EndGlobalSection
	GlobalSection(ProjectConfigurationPlatforms) = postSolution
		{C98673E3-85F8-45C2-A92E-E959B333A008}.Debug|x64.ActiveCfg = Debug|x64
		{C98673E3-85F8-45C2-A92E-E959B333A008}.Debug|x64.Build.0 = Debug|x64
		{C98673E3-85F8-45C2-A92E-E959B333A008}.Debug|x86.ActiveCfg = Debug|Win32
		{C98673E3-85F8-45C2-A92E-E959B333A008}.Debug|x86.Build.0 = Debug|Win32
		{C98673E3-85F8-45C2-A92E-E959B333A008}.Release|x64.ActiveCfg = Release|x64
		{C98673E3-85F8-45C2-A92E-E959B333A008}.Release|x64.Build.0 = Release|x64
		{C98673E3-85F8-45C2-A92E-E959B333A008}.Release|x86.ActiveCfg = Release|Win32
		{C98673E3-85F8-45C2-A92E-E959B333A008}.Release|x86.Build.0 = Release|Win32
		{F4964913-C68F-472A-944E-B9D0BC056543}.Debug|x64.ActiveCfg = Debug|x64
		{F4964913-C68F-472A-944E-B9D0BC056543}.Debug|x64.Build.0 = Debug|x64
		{F4964913-C68F-472A-944E-B9D0BC056543}.Debug|x86.ActiveCfg = Debug|Win32
		{F4964913-C68F-472A-944E-B9D0BC056543}.Debug|x86.Build.0 = Debug|Win32
		{F4964913-C68F-472A-944E-B9D0BC056543}.Release|x64.ActiveCfg = Release|x64
		{F4964913-C68F-472A-944E-B9D0BC056543}.Release|x64.Build.0 = Release|x64
		{F4964913-C68F-472A-944E-B9D0BC056543}.Release|x86.ActiveCfg = Release|Win32
		{F4964913-C68F-472A-944E-B9D0BC056543}.Release|x86.Build.0 = Release|Win32
		{C37E95F9-B32F-4EBA-AFFB-C5F1D6CECA46}.Debug|x64.ActiveCfg = Debug|x64
		{C37E95F9-B32F-4EBA-AFFB-C5F1D6CECA46}.Debug|x64.Build.0 = Debug|x64
		{C37E95F9-B32F-4EBA-AFFB-C5F1D6CECA46}.Debug|x86.ActiveCfg = Debug|Win32
		{C37E95F9-B32F-4EBA-AFFB-C5F1D6CECA46}.Debug|x86.Build.0 = Debug|Win32
		{C37E95F9-B32F-4EBA-AFFB-C5F1D6CECA46}.Release|x64.ActiveCfg = Release|x64
		{C37E95F9-B32F-4EBA-AFFB-C5F1D6CECA46}.Release|x64.Build.0 = Release|x64
		{C37E95F9-B32F-4EBA-AFFB-C5F1D6CECA46}.Release|x86.ActiveCfg = Release|Win32
		{C37E95F9-B32F-4EBA-AFFB-C5F1D6CECA46}.Release|x86.Build.0 = Release|Win32
		{1DB0E81B-5FE3-4D45-8A26-BE4828A1F0FA}.Debug|x64.ActiveCfg = Debug|x64
		{1DB0E81B-5FE3-4D45-8A26-BE4828A1F0FA}.Debug|x64.Build.0 = Debug|x64
		{1DB0E81B-5FE3-4D45-8A26-BE4828A1F0FA}.Debug|x86.ActiveCfg = Debug|Win32
		{1DB0E81B-5FE3-4D45-8A26-BE4828A1F0FA}.Debug|x86.Build.0 = Debug|Win32
		{1DB0E81B-5FE3-4D45-8A26-BE4828A1F0FA}.Release|x64.ActiveCfg = Release|x64
		{1DB0E81B-5FE3-4D45-8A26-BE4828A1F0FA}.Release|x64.Build.0 = Release|x64
		{1DB0E81B-5FE3-4D45-8A26-BE4828A1F0FA}.Release|x86.ActiveCfg = Release|Win32
		{1DB0E81B-5FE3-4D45-8A26-BE4828A1F0FA}.Release|x86.Build.0 = Release|Win32
		{AF5919D3-EBD4-4A5C-BE0D-33CE18BF472D}.Debug|x64.ActiveCfg = Debug|x64
		{AF5919D3-EBD4-4A5C-BE0D-33CE18BF472D}.Debug|x64.Build.0 = Debug|x64
		{AF5919D3-EBD4-4A5C-BE0D-33CE18BF472D}.Debug|x86.ActiveCfg = Debug|Win32
		{AF5919D3-EBD4-4A5C-BE0D-33CE18BF472D}.Debug|x86.Build.0 = Debug|Win32
		{AF5919D3-EBD4-4A5C-BE0D-33CE18BF472D}.Release|x64.ActiveCfg = Release|x64
		{AF5919D3-EBD4-4A5C-BE0D-33CE18BF472D}.Release|x64.Build.0 = Release|x64
		{AF5919D3-EBD4-4A5C-BE0D-33CE18BF472D}.Release|x86.ActiveCfg = Release|Win32
		{AF5919D3-EBD4-4A5C-BE0D-33CE18BF472D}.Release|x86.Build.0 = Release|Win32
	EndGlobalSection
	GlobalSection(SolutionProperties) = preSolution
		HideSolutionNode = FALSE
	EndGlobalSection
	GlobalSection(NestedProjects) = preSolution
		{C98673E3-85F8-45C2-A92E-E959B333A008} = {B404C79E-4ABB-4227-BB37-BFF6D8A2D7C4}
		{F4964913-C68F-472A-944E-B9D0BC056543} = {B404C79E-4ABB-4227-BB37-BFF6D8A2D7C4}
		{C37E95F9-B32F-4EBA-AFFB-C5F1D6CECA46} = {B404C79E-4ABB-4227-BB37-BFF6D8A2D7C4}
		{1DB0E81B-5FE3-4D45-8A26-BE4828A1F0FA} = {B404C79E-4ABB-4227-BB37-BFF6D8A2D7C4}
		{AF5919D3-EBD4-4A5C-BE0D-33CE18BF472D} = {B404C79E-4ABB-4227-BB37-BFF6D8A2D7C4}
	EndGlobalSection
	GlobalSection(ExtensibilityGlobals) = postSolution
		SolutionGuid = {8FF3AFA1-AF3B-4A69-8F7D-B6E6EADAD5CE}
	EndGlobalSection
EndGlobal
